// !$*UTF8*$!
{
	archiveVersion = 1;
	classes = {
	};
	objectVersion = 50;
	objects = {

/* Begin PBXBuildFile section */
		5D8957902667F61200B350CB /* GenreModel.swift in Sources */ = {isa = PBXBuildFile; fileRef = 5D89578F2667F61200B350CB /* GenreModel.swift */; };
		5D8957922668FE9F00B350CB /* GendersViewController.swift in Sources */ = {isa = PBXBuildFile; fileRef = 5D8957912668FE9F00B350CB /* GendersViewController.swift */; };
		B936ED5D26679B790016C56B /* CinematograficaB.ttf in Resources */ = {isa = PBXBuildFile; fileRef = B936ED5C26679B790016C56B /* CinematograficaB.ttf */; };
		B94D1C212666D2BC00ECF9A7 /* FIlms2019.jpeg in Resources */ = {isa = PBXBuildFile; fileRef = B94D1C202666D2BC00ECF9A7 /* FIlms2019.jpeg */; };
		B94D1C242666D84B00ECF9A7 /* ListMovie.swift in Sources */ = {isa = PBXBuildFile; fileRef = B94D1C232666D84B00ECF9A7 /* ListMovie.swift */; };
		B94D1C262666DB0500ECF9A7 /* CustomMovieCell.swift in Sources */ = {isa = PBXBuildFile; fileRef = B94D1C252666DB0500ECF9A7 /* CustomMovieCell.swift */; };
		B94D1C282666DBCD00ECF9A7 /* ApiManager.swift in Sources */ = {isa = PBXBuildFile; fileRef = B94D1C272666DBCD00ECF9A7 /* ApiManager.swift */; };
		B96789952666D1C700E6B7FB /* AppDelegate.swift in Sources */ = {isa = PBXBuildFile; fileRef = B96789942666D1C700E6B7FB /* AppDelegate.swift */; };
		B96789972666D1C700E6B7FB /* SceneDelegate.swift in Sources */ = {isa = PBXBuildFile; fileRef = B96789962666D1C700E6B7FB /* SceneDelegate.swift */; };
		B96789992666D1C700E6B7FB /* MovieViewController.swift in Sources */ = {isa = PBXBuildFile; fileRef = B96789982666D1C700E6B7FB /* MovieViewController.swift */; };
		B967899C2666D1C700E6B7FB /* Main.storyboard in Resources */ = {isa = PBXBuildFile; fileRef = B967899A2666D1C700E6B7FB /* Main.storyboard */; };
		B967899E2666D1C800E6B7FB /* Assets.xcassets in Resources */ = {isa = PBXBuildFile; fileRef = B967899D2666D1C800E6B7FB /* Assets.xcassets */; };
		B96789A12666D1C800E6B7FB /* LaunchScreen.storyboard in Resources */ = {isa = PBXBuildFile; fileRef = B967899F2666D1C800E6B7FB /* LaunchScreen.storyboard */; };
		B9CD4F33266CF72B00A8EB00 /* Movie.swift in Sources */ = {isa = PBXBuildFile; fileRef = B9CD4F32266CF72B00A8EB00 /* Movie.swift */; };
		B9CD4F37266CF7BF00A8EB00 /* ListViewController.swift in Sources */ = {isa = PBXBuildFile; fileRef = B9CD4F36266CF7BF00A8EB00 /* ListViewController.swift */; };
/* End PBXBuildFile section */

/* Begin PBXFileReference section */
		5D89578F2667F61200B350CB /* GenreModel.swift */ = {isa = PBXFileReference; lastKnownFileType = sourcecode.swift; path = GenreModel.swift; sourceTree = "<group>"; };
		5D8957912668FE9F00B350CB /* GendersViewController.swift */ = {isa = PBXFileReference; lastKnownFileType = sourcecode.swift; path = GendersViewController.swift; sourceTree = "<group>"; };
		B936ED5C26679B790016C56B /* CinematograficaB.ttf */ = {isa = PBXFileReference; lastKnownFileType = file; name = CinematograficaB.ttf; path = ../../../CinematograficaB.ttf; sourceTree = "<group>"; };
		B94D1C202666D2BC00ECF9A7 /* FIlms2019.jpeg */ = {isa = PBXFileReference; lastKnownFileType = image.jpeg; path = FIlms2019.jpeg; sourceTree = "<group>"; };
		B94D1C232666D84B00ECF9A7 /* ListMovie.swift */ = {isa = PBXFileReference; lastKnownFileType = sourcecode.swift; path = ListMovie.swift; sourceTree = "<group>"; };
		B94D1C252666DB0500ECF9A7 /* CustomMovieCell.swift */ = {isa = PBXFileReference; lastKnownFileType = sourcecode.swift; path = CustomMovieCell.swift; sourceTree = "<group>"; };
		B94D1C272666DBCD00ECF9A7 /* ApiManager.swift */ = {isa = PBXFileReference; lastKnownFileType = sourcecode.swift; path = ApiManager.swift; sourceTree = "<group>"; };
		B96789912666D1C700E6B7FB /* MovieDB.app */ = {isa = PBXFileReference; explicitFileType = wrapper.application; includeInIndex = 0; path = MovieDB.app; sourceTree = BUILT_PRODUCTS_DIR; };
		B96789942666D1C700E6B7FB /* AppDelegate.swift */ = {isa = PBXFileReference; lastKnownFileType = sourcecode.swift; path = AppDelegate.swift; sourceTree = "<group>"; };
		B96789962666D1C700E6B7FB /* SceneDelegate.swift */ = {isa = PBXFileReference; lastKnownFileType = sourcecode.swift; path = SceneDelegate.swift; sourceTree = "<group>"; };
		B96789982666D1C700E6B7FB /* MovieViewController.swift */ = {isa = PBXFileReference; lastKnownFileType = sourcecode.swift; path = MovieViewController.swift; sourceTree = "<group>"; };
		B967899B2666D1C700E6B7FB /* Base */ = {isa = PBXFileReference; lastKnownFileType = file.storyboard; name = Base; path = Base.lproj/Main.storyboard; sourceTree = "<group>"; };
		B967899D2666D1C800E6B7FB /* Assets.xcassets */ = {isa = PBXFileReference; lastKnownFileType = folder.assetcatalog; path = Assets.xcassets; sourceTree = "<group>"; };
		B96789A02666D1C800E6B7FB /* Base */ = {isa = PBXFileReference; lastKnownFileType = file.storyboard; name = Base; path = Base.lproj/LaunchScreen.storyboard; sourceTree = "<group>"; };
		B96789A22666D1C800E6B7FB /* Info.plist */ = {isa = PBXFileReference; lastKnownFileType = text.plist.xml; path = Info.plist; sourceTree = "<group>"; };
		B9CD4F32266CF72B00A8EB00 /* Movie.swift */ = {isa = PBXFileReference; lastKnownFileType = sourcecode.swift; path = Movie.swift; sourceTree = "<group>"; };
		B9CD4F36266CF7BF00A8EB00 /* ListViewController.swift */ = {isa = PBXFileReference; lastKnownFileType = sourcecode.swift; path = ListViewController.swift; sourceTree = "<group>"; };
/* End PBXFileReference section */

/* Begin PBXFrameworksBuildPhase section */
		B967898E2666D1C700E6B7FB /* Frameworks */ = {
			isa = PBXFrameworksBuildPhase;
			buildActionMask = 2147483647;
			files = (
			);
			runOnlyForDeploymentPostprocessing = 0;
		};
/* End PBXFrameworksBuildPhase section */

/* Begin PBXGroup section */
		5D895793266909A100B350CB /* Network */ = {
			isa = PBXGroup;
			children = (
				B94D1C272666DBCD00ECF9A7 /* ApiManager.swift */,
			);
			path = Network;
			sourceTree = "<group>";
		};
		5D895794266909AC00B350CB /* CustomCells */ = {
			isa = PBXGroup;
			children = (
				B94D1C252666DB0500ECF9A7 /* CustomMovieCell.swift */,
			);
			path = CustomCells;
			sourceTree = "<group>";
		};
		B96789882666D1C700E6B7FB = {
			isa = PBXGroup;
			children = (
				B96789932666D1C700E6B7FB /* MovieDB */,
				B96789922666D1C700E6B7FB /* Products */,
			);
			sourceTree = "<group>";
		};
		B96789922666D1C700E6B7FB /* Products */ = {
			isa = PBXGroup;
			children = (
				B96789912666D1C700E6B7FB /* MovieDB.app */,
			);
			name = Products;
			sourceTree = "<group>";
		};
		B96789932666D1C700E6B7FB /* MovieDB */ = {
			isa = PBXGroup;
			children = (
				5D895794266909AC00B350CB /* CustomCells */,
				5D895793266909A100B350CB /* Network */,
				B96789AB2666D21200E6B7FB /* SupportFiles */,
				B96789AA2666D20800E6B7FB /* Controller */,
				B96789A92666D1F200E6B7FB /* View */,
				B96789A82666D1E400E6B7FB /* Model */,
				B96789A22666D1C800E6B7FB /* Info.plist */,
			);
			path = MovieDB;
			sourceTree = "<group>";
		};
		B96789A82666D1E400E6B7FB /* Model */ = {
			isa = PBXGroup;
			children = (
				B94D1C232666D84B00ECF9A7 /* ListMovie.swift */,
				5D89578F2667F61200B350CB /* GenreModel.swift */,
				B9CD4F32266CF72B00A8EB00 /* Movie.swift */,
			);
			path = Model;
			sourceTree = "<group>";
		};
		B96789A92666D1F200E6B7FB /* View */ = {
			isa = PBXGroup;
			children = (
				B967899F2666D1C800E6B7FB /* LaunchScreen.storyboard */,
				B967899A2666D1C700E6B7FB /* Main.storyboard */,
			);
			path = View;
			sourceTree = "<group>";
		};
		B96789AA2666D20800E6B7FB /* Controller */ = {
			isa = PBXGroup;
			children = (
				B96789982666D1C700E6B7FB /* MovieViewController.swift */,
				5D8957912668FE9F00B350CB /* GendersViewController.swift */,
				B9CD4F36266CF7BF00A8EB00 /* ListViewController.swift */,
			);
			path = Controller;
			sourceTree = "<group>";
		};
		B96789AB2666D21200E6B7FB /* SupportFiles */ = {
			isa = PBXGroup;
			children = (
				B967899D2666D1C800E6B7FB /* Assets.xcassets */,
				B96789942666D1C700E6B7FB /* AppDelegate.swift */,
				B96789962666D1C700E6B7FB /* SceneDelegate.swift */,
				B936ED5C26679B790016C56B /* CinematograficaB.ttf */,
				B94D1C202666D2BC00ECF9A7 /* FIlms2019.jpeg */,
			);
			path = SupportFiles;
			sourceTree = "<group>";
		};
/* End PBXGroup section */

/* Begin PBXNativeTarget section */
		B96789902666D1C700E6B7FB /* MovieDB */ = {
			isa = PBXNativeTarget;
			buildConfigurationList = B96789A52666D1C800E6B7FB /* Build configuration list for PBXNativeTarget "MovieDB" */;
			buildPhases = (
				B967898D2666D1C700E6B7FB /* Sources */,
				B967898E2666D1C700E6B7FB /* Frameworks */,
				B967898F2666D1C700E6B7FB /* Resources */,
			);
			buildRules = (
			);
			dependencies = (
			);
			name = MovieDB;
			productName = MovieDB;
			productReference = B96789912666D1C700E6B7FB /* MovieDB.app */;
			productType = "com.apple.product-type.application";
		};
/* End PBXNativeTarget section */

/* Begin PBXProject section */
		B96789892666D1C700E6B7FB /* Project object */ = {
			isa = PBXProject;
			attributes = {
				LastSwiftUpdateCheck = 1250;
				LastUpgradeCheck = 1250;
				TargetAttributes = {
					B96789902666D1C700E6B7FB = {
						CreatedOnToolsVersion = 12.5;
					};
				};
			};
			buildConfigurationList = B967898C2666D1C700E6B7FB /* Build configuration list for PBXProject "MovieDB" */;
			compatibilityVersion = "Xcode 9.3";
			developmentRegion = en;
			hasScannedForEncodings = 0;
			knownRegions = (
				en,
				Base,
			);
			mainGroup = B96789882666D1C700E6B7FB;
			productRefGroup = B96789922666D1C700E6B7FB /* Products */;
			projectDirPath = "";
			projectRoot = "";
			targets = (
				B96789902666D1C700E6B7FB /* MovieDB */,
			);
		};
/* End PBXProject section */

/* Begin PBXResourcesBuildPhase section */
		B967898F2666D1C700E6B7FB /* Resources */ = {
			isa = PBXResourcesBuildPhase;
			buildActionMask = 2147483647;
			files = (
				B936ED5D26679B790016C56B /* CinematograficaB.ttf in Resources */,
				B96789A12666D1C800E6B7FB /* LaunchScreen.storyboard in Resources */,
				B94D1C212666D2BC00ECF9A7 /* FIlms2019.jpeg in Resources */,
				B967899E2666D1C800E6B7FB /* Assets.xcassets in Resources */,
				B967899C2666D1C700E6B7FB /* Main.storyboard in Resources */,
			);
			runOnlyForDeploymentPostprocessing = 0;
		};
/* End PBXResourcesBuildPhase section */

/* Begin PBXSourcesBuildPhase section */
		B967898D2666D1C700E6B7FB /* Sources */ = {
			isa = PBXSourcesBuildPhase;
			buildActionMask = 2147483647;
			files = (
				B94D1C282666DBCD00ECF9A7 /* ApiManager.swift in Sources */,
				5D8957902667F61200B350CB /* GenreModel.swift in Sources */,
				B9CD4F33266CF72B00A8EB00 /* Movie.swift in Sources */,
				B96789992666D1C700E6B7FB /* MovieViewController.swift in Sources */,
				B96789952666D1C700E6B7FB /* AppDelegate.swift in Sources */,
				B94D1C242666D84B00ECF9A7 /* ListMovie.swift in Sources */,
				5D8957922668FE9F00B350CB /* GendersViewController.swift in Sources */,
				B94D1C262666DB0500ECF9A7 /* CustomMovieCell.swift in Sources */,
				B9CD4F37266CF7BF00A8EB00 /* ListViewController.swift in Sources */,
				B96789972666D1C700E6B7FB /* SceneDelegate.swift in Sources */,
			);
			runOnlyForDeploymentPostprocessing = 0;
		};
/* End PBXSourcesBuildPhase section */

/* Begin PBXVariantGroup section */
		B967899A2666D1C700E6B7FB /* Main.storyboard */ = {
			isa = PBXVariantGroup;
			children = (
				B967899B2666D1C700E6B7FB /* Base */,
			);
			name = Main.storyboard;
			sourceTree = "<group>";
		};
		B967899F2666D1C800E6B7FB /* LaunchScreen.storyboard */ = {
			isa = PBXVariantGroup;
			children = (
				B96789A02666D1C800E6B7FB /* Base */,
			);
			name = LaunchScreen.storyboard;
			sourceTree = "<group>";
		};
/* End PBXVariantGroup section */

/* Begin XCBuildConfiguration section */
		B96789A32666D1C800E6B7FB /* Debug */ = {
			isa = XCBuildConfiguration;
			buildSettings = {
				ALWAYS_SEARCH_USER_PATHS = NO;
				CLANG_ANALYZER_NONNULL = YES;
				CLANG_ANALYZER_NUMBER_OBJECT_CONVERSION = YES_AGGRESSIVE;
				CLANG_CXX_LANGUAGE_STANDARD = "gnu++14";
				CLANG_CXX_LIBRARY = "libc++";
				CLANG_ENABLE_MODULES = YES;
				CLANG_ENABLE_OBJC_ARC = YES;
				CLANG_ENABLE_OBJC_WEAK = YES;
				CLANG_WARN_BLOCK_CAPTURE_AUTORELEASING = YES;
				CLANG_WARN_BOOL_CONVERSION = YES;
				CLANG_WARN_COMMA = YES;
				CLANG_WARN_CONSTANT_CONVERSION = YES;
				CLANG_WARN_DEPRECATED_OBJC_IMPLEMENTATIONS = YES;
				CLANG_WARN_DIRECT_OBJC_ISA_USAGE = YES_ERROR;
				CLANG_WARN_DOCUMENTATION_COMMENTS = YES;
				CLANG_WARN_EMPTY_BODY = YES;
				CLANG_WARN_ENUM_CONVERSION = YES;
				CLANG_WARN_INFINITE_RECURSION = YES;
				CLANG_WARN_INT_CONVERSION = YES;
				CLANG_WARN_NON_LITERAL_NULL_CONVERSION = YES;
				CLANG_WARN_OBJC_IMPLICIT_RETAIN_SELF = YES;
				CLANG_WARN_OBJC_LITERAL_CONVERSION = YES;
				CLANG_WARN_OBJC_ROOT_CLASS = YES_ERROR;
				CLANG_WARN_QUOTED_INCLUDE_IN_FRAMEWORK_HEADER = YES;
				CLANG_WARN_RANGE_LOOP_ANALYSIS = YES;
				CLANG_WARN_STRICT_PROTOTYPES = YES;
				CLANG_WARN_SUSPICIOUS_MOVE = YES;
				CLANG_WARN_UNGUARDED_AVAILABILITY = YES_AGGRESSIVE;
				CLANG_WARN_UNREACHABLE_CODE = YES;
				CLANG_WARN__DUPLICATE_METHOD_MATCH = YES;
				COPY_PHASE_STRIP = NO;
				DEBUG_INFORMATION_FORMAT = dwarf;
				ENABLE_STRICT_OBJC_MSGSEND = YES;
				ENABLE_TESTABILITY = YES;
				GCC_C_LANGUAGE_STANDARD = gnu11;
				GCC_DYNAMIC_NO_PIC = NO;
				GCC_NO_COMMON_BLOCKS = YES;
				GCC_OPTIMIZATION_LEVEL = 0;
				GCC_PREPROCESSOR_DEFINITIONS = (
					"DEBUG=1",
					"$(inherited)",
				);
				GCC_WARN_64_TO_32_BIT_CONVERSION = YES;
				GCC_WARN_ABOUT_RETURN_TYPE = YES_ERROR;
				GCC_WARN_UNDECLARED_SELECTOR = YES;
				GCC_WARN_UNINITIALIZED_AUTOS = YES_AGGRESSIVE;
				GCC_WARN_UNUSED_FUNCTION = YES;
				GCC_WARN_UNUSED_VARIABLE = YES;
				IPHONEOS_DEPLOYMENT_TARGET = 14.5;
				MTL_ENABLE_DEBUG_INFO = INCLUDE_SOURCE;
				MTL_FAST_MATH = YES;
				ONLY_ACTIVE_ARCH = YES;
				SDKROOT = iphoneos;
				SWIFT_ACTIVE_COMPILATION_CONDITIONS = DEBUG;
				SWIFT_OPTIMIZATION_LEVEL = "-Onone";
			};
			name = Debug;
		};
		B96789A42666D1C800E6B7FB /* Release */ = {
			isa = XCBuildConfiguration;
			buildSettings = {
				ALWAYS_SEARCH_USER_PATHS = NO;
				CLANG_ANALYZER_NONNULL = YES;
				CLANG_ANALYZER_NUMBER_OBJECT_CONVERSION = YES_AGGRESSIVE;
				CLANG_CXX_LANGUAGE_STANDARD = "gnu++14";
				CLANG_CXX_LIBRARY = "libc++";
				CLANG_ENABLE_MODULES = YES;
				CLANG_ENABLE_OBJC_ARC = YES;
				CLANG_ENABLE_OBJC_WEAK = YES;
				CLANG_WARN_BLOCK_CAPTURE_AUTORELEASING = YES;
				CLANG_WARN_BOOL_CONVERSION = YES;
				CLANG_WARN_COMMA = YES;
				CLANG_WARN_CONSTANT_CONVERSION = YES;
				CLANG_WARN_DEPRECATED_OBJC_IMPLEMENTATIONS = YES;
				CLANG_WARN_DIRECT_OBJC_ISA_USAGE = YES_ERROR;
				CLANG_WARN_DOCUMENTATION_COMMENTS = YES;
				CLANG_WARN_EMPTY_BODY = YES;
				CLANG_WARN_ENUM_CONVERSION = YES;
				CLANG_WARN_INFINITE_RECURSION = YES;
				CLANG_WARN_INT_CONVERSION = YES;
				CLANG_WARN_NON_LITERAL_NULL_CONVERSION = YES;
				CLANG_WARN_OBJC_IMPLICIT_RETAIN_SELF = YES;
				CLANG_WARN_OBJC_LITERAL_CONVERSION = YES;
				CLANG_WARN_OBJC_ROOT_CLASS = YES_ERROR;
				CLANG_WARN_QUOTED_INCLUDE_IN_FRAMEWORK_HEADER = YES;
				CLANG_WARN_RANGE_LOOP_ANALYSIS = YES;
				CLANG_WARN_STRICT_PROTOTYPES = YES;
				CLANG_WARN_SUSPICIOUS_MOVE = YES;
				CLANG_WARN_UNGUARDED_AVAILABILITY = YES_AGGRESSIVE;
				CLANG_WARN_UNREACHABLE_CODE = YES;
				CLANG_WARN__DUPLICATE_METHOD_MATCH = YES;
				COPY_PHASE_STRIP = NO;
				DEBUG_INFORMATION_FORMAT = "dwarf-with-dsym";
				ENABLE_NS_ASSERTIONS = NO;
				ENABLE_STRICT_OBJC_MSGSEND = YES;
				GCC_C_LANGUAGE_STANDARD = gnu11;
				GCC_NO_COMMON_BLOCKS = YES;
				GCC_WARN_64_TO_32_BIT_CONVERSION = YES;
				GCC_WARN_ABOUT_RETURN_TYPE = YES_ERROR;
				GCC_WARN_UNDECLARED_SELECTOR = YES;
				GCC_WARN_UNINITIALIZED_AUTOS = YES_AGGRESSIVE;
				GCC_WARN_UNUSED_FUNCTION = YES;
				GCC_WARN_UNUSED_VARIABLE = YES;
				IPHONEOS_DEPLOYMENT_TARGET = 14.5;
				MTL_ENABLE_DEBUG_INFO = NO;
				MTL_FAST_MATH = YES;
				SDKROOT = iphoneos;
				SWIFT_COMPILATION_MODE = wholemodule;
				SWIFT_OPTIMIZATION_LEVEL = "-O";
				VALIDATE_PRODUCT = YES;
			};
			name = Release;
		};
		B96789A62666D1C800E6B7FB /* Debug */ = {
			isa = XCBuildConfiguration;
			buildSettings = {
				ASSETCATALOG_COMPILER_APPICON_NAME = AppIcon;
				ASSETCATALOG_COMPILER_GLOBAL_ACCENT_COLOR_NAME = AccentColor;
				CODE_SIGN_STYLE = Automatic;
				DEVELOPMENT_TEAM = BP4DYC4UP8;
				INFOPLIST_FILE = MovieDB/Info.plist;
				LD_RUNPATH_SEARCH_PATHS = (
					"$(inherited)",
					"@executable_path/Frameworks",
				);
				PRODUCT_BUNDLE_IDENTIFIER = com.keltoumB.MovieDB;
				PRODUCT_NAME = "$(TARGET_NAME)";
				SWIFT_VERSION = 5.0;
				TARGETED_DEVICE_FAMILY = 1;
			};
			name = Debug;
		};
		B96789A72666D1C800E6B7FB /* Release */ = {
			isa = XCBuildConfiguration;
			buildSettings = {
				ASSETCATALOG_COMPILER_APPICON_NAME = AppIcon;
				ASSETCATALOG_COMPILER_GLOBAL_ACCENT_COLOR_NAME = AccentColor;
				CODE_SIGN_STYLE = Automatic;
				DEVELOPMENT_TEAM = BP4DYC4UP8;
				INFOPLIST_FILE = MovieDB/Info.plist;
				LD_RUNPATH_SEARCH_PATHS = (
					"$(inherited)",
					"@executable_path/Frameworks",
				);
				PRODUCT_BUNDLE_IDENTIFIER = com.keltoumB.MovieDB;
				PRODUCT_NAME = "$(TARGET_NAME)";
				SWIFT_VERSION = 5.0;
				TARGETED_DEVICE_FAMILY = 1;
			};
			name = Release;
		};
/* End XCBuildConfiguration section */

/* Begin XCConfigurationList section */
		B967898C2666D1C700E6B7FB /* Build configuration list for PBXProject "MovieDB" */ = {
			isa = XCConfigurationList;
			buildConfigurations = (
				B96789A32666D1C800E6B7FB /* Debug */,
				B96789A42666D1C800E6B7FB /* Release */,
			);
			defaultConfigurationIsVisible = 0;
			defaultConfigurationName = Release;
		};
		B96789A52666D1C800E6B7FB /* Build configuration list for PBXNativeTarget "MovieDB" */ = {
			isa = XCConfigurationList;
			buildConfigurations = (
				B96789A62666D1C800E6B7FB /* Debug */,
				B96789A72666D1C800E6B7FB /* Release */,
			);
			defaultConfigurationIsVisible = 0;
			defaultConfigurationName = Release;
		};
/* End XCConfigurationList section */
	};
	rootObject = B96789892666D1C700E6B7FB /* Project object */;
}
